
Microsoft Visual Studio Solution File, Format Version 12.00
# Visual Studio Version 17
VisualStudioVersion = 17.9.34902.65
MinimumVisualStudioVersion = 10.0.40219.1
Project("{9A19103F-16F7-4668-BE54-9A1E7A4F7556}") = "ByCoders.CNAB.Domain", "ByCoders.CNAB.Domain\ByCoders.CNAB.Domain.csproj", "{045752F9-2E2C-488E-83A0-7BBEAB19DC00}"
EndProject
Project("{2150E333-8FDC-42A3-9474-1A3956D46DE8}") = "Src", "Src", "{E10A4BFC-CA43-42AF-A473-671C20254ADC}"
EndProject
Project("{9A19103F-16F7-4668-BE54-9A1E7A4F7556}") = "ByCoders.CNAB.Infrastructure", "ByCoders.CNAB.Infrastructure\ByCoders.CNAB.Infrastructure.csproj", "{69BBD65B-C2C2-4F0B-A38C-D162BACEAB2E}"
EndProject
Project("{2150E333-8FDC-42A3-9474-1A3956D46DE8}") = "Tests", "Tests", "{A1B140E8-7A7E-495F-9569-260203239B54}"
EndProject
Project("{FAE04EC0-301F-11D3-BF4B-00C04F79EFBC}") = "ByCoders.CNAB.UnitTests", "ByCoders.CNAB.UnitTests\ByCoders.CNAB.UnitTests.csproj", "{47CF9E57-BE84-4013-986F-FBAAD662473D}"
EndProject
Project("{FAE04EC0-301F-11D3-BF4B-00C04F79EFBC}") = "ByCoders.CNAB.Core", "ByCoders.CNAB.Core\ByCoders.CNAB.Core.csproj", "{C6D65FA8-EAB4-4E30-B3B0-8EB90985BA57}"
EndProject
Project("{FAE04EC0-301F-11D3-BF4B-00C04F79EFBC}") = "ByCoders.CNAB.API", "ByCoders.CNAB.API\ByCoders.CNAB.API.csproj", "{060BA56A-2C6A-F52D-A0CB-5FFF41C3A548}"
EndProject
Project("{FAE04EC0-301F-11D3-BF4B-00C04F79EFBC}") = "ByCoders.CNAB.Worker", "ByCoders.CNAB.Worker\ByCoders.CNAB.Worker.csproj", "{6ECC4120-3D2B-A55C-DB98-A3F9B1F25AAE}"
EndProject
Project("{2150E333-8FDC-42A3-9474-1A3956D46DE8}") = "Hosts", "Hosts", "{02EA681E-C7D8-13C7-8484-4AC65E1B71E8}"
EndProject
Project("{2150E333-8FDC-42A3-9474-1A3956D46DE8}") = "Lib", "Lib", "{7CF825CA-BAAA-4D68-B91A-D6449EB5D79D}"
EndProject
Project("{FAE04EC0-301F-11D3-BF4B-00C04F79EFBC}") = "ByCoders.CNAB.Application", "ByCoders.CNAB.Application\ByCoders.CNAB.Application.csproj", "{16E83060-F93F-C017-ADDE-4BA388231F96}"
EndProject
Global
	GlobalSection(SolutionConfigurationPlatforms) = preSolution
		Debug|Any CPU = Debug|Any CPU
		Release|Any CPU = Release|Any CPU
	EndGlobalSection
	GlobalSection(ProjectConfigurationPlatforms) = postSolution
		{045752F9-2E2C-488E-83A0-7BBEAB19DC00}.Debug|Any CPU.ActiveCfg = Debug|Any CPU
		{045752F9-2E2C-488E-83A0-7BBEAB19DC00}.Debug|Any CPU.Build.0 = Debug|Any CPU
		{045752F9-2E2C-488E-83A0-7BBEAB19DC00}.Release|Any CPU.ActiveCfg = Release|Any CPU
		{045752F9-2E2C-488E-83A0-7BBEAB19DC00}.Release|Any CPU.Build.0 = Release|Any CPU
		{69BBD65B-C2C2-4F0B-A38C-D162BACEAB2E}.Debug|Any CPU.ActiveCfg = Debug|Any CPU
		{69BBD65B-C2C2-4F0B-A38C-D162BACEAB2E}.Debug|Any CPU.Build.0 = Debug|Any CPU
		{69BBD65B-C2C2-4F0B-A38C-D162BACEAB2E}.Release|Any CPU.ActiveCfg = Release|Any CPU
		{69BBD65B-C2C2-4F0B-A38C-D162BACEAB2E}.Release|Any CPU.Build.0 = Release|Any CPU
		{47CF9E57-BE84-4013-986F-FBAAD662473D}.Debug|Any CPU.ActiveCfg = Debug|Any CPU
		{47CF9E57-BE84-4013-986F-FBAAD662473D}.Debug|Any CPU.Build.0 = Debug|Any CPU
		{47CF9E57-BE84-4013-986F-FBAAD662473D}.Release|Any CPU.ActiveCfg = Release|Any CPU
		{47CF9E57-BE84-4013-986F-FBAAD662473D}.Release|Any CPU.Build.0 = Release|Any CPU
		{C6D65FA8-EAB4-4E30-B3B0-8EB90985BA57}.Debug|Any CPU.ActiveCfg = Debug|Any CPU
		{C6D65FA8-EAB4-4E30-B3B0-8EB90985BA57}.Debug|Any CPU.Build.0 = Debug|Any CPU
		{C6D65FA8-EAB4-4E30-B3B0-8EB90985BA57}.Release|Any CPU.ActiveCfg = Release|Any CPU
		{C6D65FA8-EAB4-4E30-B3B0-8EB90985BA57}.Release|Any CPU.Build.0 = Release|Any CPU
		{060BA56A-2C6A-F52D-A0CB-5FFF41C3A548}.Debug|Any CPU.ActiveCfg = Debug|Any CPU
		{060BA56A-2C6A-F52D-A0CB-5FFF41C3A548}.Debug|Any CPU.Build.0 = Debug|Any CPU
		{060BA56A-2C6A-F52D-A0CB-5FFF41C3A548}.Release|Any CPU.ActiveCfg = Release|Any CPU
		{060BA56A-2C6A-F52D-A0CB-5FFF41C3A548}.Release|Any CPU.Build.0 = Release|Any CPU
		{6ECC4120-3D2B-A55C-DB98-A3F9B1F25AAE}.Debug|Any CPU.ActiveCfg = Debug|Any CPU
		{6ECC4120-3D2B-A55C-DB98-A3F9B1F25AAE}.Debug|Any CPU.Build.0 = Debug|Any CPU
		{6ECC4120-3D2B-A55C-DB98-A3F9B1F25AAE}.Release|Any CPU.ActiveCfg = Release|Any CPU
		{6ECC4120-3D2B-A55C-DB98-A3F9B1F25AAE}.Release|Any CPU.Build.0 = Release|Any CPU
		{16E83060-F93F-C017-ADDE-4BA388231F96}.Debug|Any CPU.ActiveCfg = Debug|Any CPU
		{16E83060-F93F-C017-ADDE-4BA388231F96}.Debug|Any CPU.Build.0 = Debug|Any CPU
		{16E83060-F93F-C017-ADDE-4BA388231F96}.Release|Any CPU.ActiveCfg = Release|Any CPU
		{16E83060-F93F-C017-ADDE-4BA388231F96}.Release|Any CPU.Build.0 = Release|Any CPU
	EndGlobalSection
	GlobalSection(SolutionProperties) = preSolution
		HideSolutionNode = FALSE
	EndGlobalSection
	GlobalSection(NestedProjects) = preSolution
		{045752F9-2E2C-488E-83A0-7BBEAB19DC00} = {7CF825CA-BAAA-4D68-B91A-D6449EB5D79D}
		{69BBD65B-C2C2-4F0B-A38C-D162BACEAB2E} = {7CF825CA-BAAA-4D68-B91A-D6449EB5D79D}
		{47CF9E57-BE84-4013-986F-FBAAD662473D} = {A1B140E8-7A7E-495F-9569-260203239B54}
		{C6D65FA8-EAB4-4E30-B3B0-8EB90985BA57} = {7CF825CA-BAAA-4D68-B91A-D6449EB5D79D}
		{060BA56A-2C6A-F52D-A0CB-5FFF41C3A548} = {02EA681E-C7D8-13C7-8484-4AC65E1B71E8}
		{6ECC4120-3D2B-A55C-DB98-A3F9B1F25AAE} = {02EA681E-C7D8-13C7-8484-4AC65E1B71E8}
		{02EA681E-C7D8-13C7-8484-4AC65E1B71E8} = {E10A4BFC-CA43-42AF-A473-671C20254ADC}
		{7CF825CA-BAAA-4D68-B91A-D6449EB5D79D} = {E10A4BFC-CA43-42AF-A473-671C20254ADC}
		{16E83060-F93F-C017-ADDE-4BA388231F96} = {7CF825CA-BAAA-4D68-B91A-D6449EB5D79D}
	EndGlobalSection
	GlobalSection(ExtensibilityGlobals) = postSolution
		SolutionGuid = {B81215B2-9C85-46E9-AB3C-BE9B42BE5A15}
	EndGlobalSection
EndGlobal
